
Microsoft Visual Studio Solution File, Format Version 12.00
# Visual Studio Version 17
VisualStudioVersion = 17.13.35931.197
MinimumVisualStudioVersion = 10.0.40219.1
Project("{FAE04EC0-301F-11D3-BF4B-00C04F79EFBC}") = "ICAR-LMS-BACK", "ICAR-LMS-BACK\ICAR-LMS-BACK.csproj", "{68CC87F5-5234-4133-BD73-E5AC3D98E994}"
EndProject
Global
	GlobalSection(SolutionConfigurationPlatforms) = preSolution
		Debug|Any CPU = Debug|Any CPU
		Release|Any CPU = Release|Any CPU
	EndGlobalSection
	GlobalSection(ProjectConfigurationPlatforms) = postSolution
		{68CC87F5-5234-4133-BD73-E5AC3D98E994}.Debug|Any CPU.ActiveCfg = Debug|Any CPU
		{68CC87F5-5234-4133-BD73-E5AC3D98E994}.Debug|Any CPU.Build.0 = Debug|Any CPU
		{68CC87F5-5234-4133-BD73-E5AC3D98E994}.Release|Any CPU.ActiveCfg = Release|Any CPU
		{68CC87F5-5234-4133-BD73-E5AC3D98E994}.Release|Any CPU.Build.0 = Release|Any CPU
	EndGlobalSection
	GlobalSection(SolutionProperties) = preSolution
		HideSolutionNode = FALSE
	EndGlobalSection
	GlobalSection(ExtensibilityGlobals) = postSolution
		SolutionGuid = {8803881F-DFDE-40BB-924E-F429B01F6CFE}
	EndGlobalSection
EndGlobal
